
Microsoft Visual Studio Solution File, Format Version 12.00
# Visual Studio 15
VisualStudioVersion = 15.0.28010.2036
MinimumVisualStudioVersion = 10.0.40219.1
Project("{FAE04EC0-301F-11D3-BF4B-00C04F79EFBC}") = "TaskTreking", "TaskTreking\TaskTreking.csproj", "{9AB965CC-193F-4379-A30C-74B6FACAEE91}"
EndProject
Global
	GlobalSection(SolutionConfigurationPlatforms) = preSolution
		Debug|Any CPU = Debug|Any CPU
		Release|Any CPU = Release|Any CPU
	EndGlobalSection
	GlobalSection(ProjectConfigurationPlatforms) = postSolution
		{9AB965CC-193F-4379-A30C-74B6FACAEE91}.Debug|Any CPU.ActiveCfg = Debug|Any CPU
		{9AB965CC-193F-4379-A30C-74B6FACAEE91}.Debug|Any CPU.Build.0 = Debug|Any CPU
		{9AB965CC-193F-4379-A30C-74B6FACAEE91}.Release|Any CPU.ActiveCfg = Release|Any CPU
		{9AB965CC-193F-4379-A30C-74B6FACAEE91}.Release|Any CPU.Build.0 = Release|Any CPU
	EndGlobalSection
	GlobalSection(SolutionProperties) = preSolution
		HideSolutionNode = FALSE
	EndGlobalSection
	GlobalSection(ExtensibilityGlobals) = postSolution
		SolutionGuid = {E47FE94A-D508-4D1E-8C5E-9539BD9499F4}
	EndGlobalSection
EndGlobal
